# THIS IS AN AUTOGENERATED FILE. DO NOT EDIT THIS FILE DIRECTLY.
# yarn lockfile v1


"@opct/gui@0.0.4":
  version "0.0.4"
  resolved "https://registry.yarnpkg.com/@opct/gui/-/gui-0.0.4.tgz#be88c90de53a53399b7297f2144355e22ee63905"
  integrity sha512-1f3g2ojgGvSSYMtD30Wkw+bJc1NY7CPREUVEO4VQKrJBoFmdpASN5QTaYR/0Xqg9exvT7w08TgagFhOzR8/GKw==

"@opct/gui@^0.0.6":
  version "0.0.6"
  resolved "https://registry.yarnpkg.com/@opct/gui/-/gui-0.0.6.tgz#3f901917105954710a69de9ea517b6430afa1f06"
  integrity sha512-41+kh8TsKrj00C46giG1JBzjOKwRauh2cbF5fL6hHk9FXZ2uVzt6iUIa6PQ22GFKlxOIAwvQBHm7lkJSCbUwcg==

"@opct/mineos@^0.0.2":
  version "0.0.2"
  resolved "https://registry.yarnpkg.com/@opct/mineos/-/mineos-0.0.2.tgz#0785cc2d4fdd0aaa56893a3c6f32613bc8229fab"
  integrity sha512-6oiDXT8h9QsFLZZj+StO5RAU2l+v12OCDhWwRWKfyyphZH764IzMk+mpVr7CQn5QIAdsFL5Xox3rTHAqmasGYQ==
  dependencies:
    "@opct/gui" "0.0.4"

"@opct/openos@^0.0.15":
  version "0.0.15"
  resolved "https://registry.yarnpkg.com/@opct/openos/-/openos-0.0.15.tgz#24369b0edeabe525a2504f46975b169106ccda4f"
  integrity sha512-G2pUVJZmI7LFC9AAXPt54MAH4IjaWK4I03W7GGzdNxs6Wo88xSasFshmriIOx2Xt/M5qEjxqpC0MP0gQj5EwBw==
  dependencies:
    lua-types "^2.5.1"
    typescript-tuple "^2.2.1"

lua-types@^2.5.1:
  version "2.8.0"
  resolved "https://registry.yarnpkg.com/lua-types/-/lua-types-2.8.0.tgz#4514f5c31b7418d3d6af0728023fefb160bc01b0"
  integrity sha512-FJY32giHIqD/XW1XGkJnl8XotXIJsJ2M42fj9A2UudttWA6orJioToW1OpgPdayTr+S1/oTO7i+hfBY3UVG8Fg==

path-parse@^1.0.6:
  version "1.0.6"
  resolved "https://registry.yarnpkg.com/path-parse/-/path-parse-1.0.6.tgz#d62dbb5679405d72c4737ec58600e9ddcf06d24c"
  integrity sha512-GSmOT2EbHrINBf9SR7CDELwlJ8AENk3Qn7OikK4nFYAu3Ote2+JYNVvkpAEQm3/TLNEJFD/xZJjzyxg3KBWOzw==

resolve@^1.15.1:
  version "1.17.0"
  resolved "https://registry.yarnpkg.com/resolve/-/resolve-1.17.0.tgz#b25941b54968231cc2d1bb76a79cb7f2c0bf8444"
  integrity sha512-ic+7JYiV8Vi2yzQGFWOkiZD5Z9z7O2Zhm9XMaTxdJExKasieFCr+yXZ/WmXsckHiKl12ar0y6XiXDx3m4RHn1w==
  dependencies:
    path-parse "^1.0.6"

source-map@^0.7.3:
  version "0.7.3"
  resolved "https://registry.yarnpkg.com/source-map/-/source-map-0.7.3.tgz#5302f8169031735226544092e64981f751750383"
  integrity sha512-CkCj6giN3S+n9qrYiBTX5gystlENnRW5jZeNLHpe6aue+SrHcG5VYwujhW9s4dY31mEGsxBDrHR6oI69fTXsaQ==

typescript-compare@^0.0.2:
  version "0.0.2"
  resolved "https://registry.yarnpkg.com/typescript-compare/-/typescript-compare-0.0.2.tgz#7ee40a400a406c2ea0a7e551efd3309021d5f425"
  integrity sha512-8ja4j7pMHkfLJQO2/8tut7ub+J3Lw2S3061eJLFQcvs3tsmJKp8KG5NtpLn7KcY2w08edF74BSVN7qJS0U6oHA==
  dependencies:
    typescript-logic "^0.0.0"

typescript-logic@^0.0.0:
  version "0.0.0"
  resolved "https://registry.yarnpkg.com/typescript-logic/-/typescript-logic-0.0.0.tgz#66ebd82a2548f2b444a43667bec120b496890196"
  integrity sha512-zXFars5LUkI3zP492ls0VskH3TtdeHCqu0i7/duGt60i5IGPIpAHE/DWo5FqJ6EjQ15YKXrt+AETjv60Dat34Q==

typescript-to-lua@^0.35.0:
  version "0.35.0"
  resolved "https://registry.yarnpkg.com/typescript-to-lua/-/typescript-to-lua-0.35.0.tgz#abe468401ff7679abbd267c4faecfeef81bf0857"
  integrity sha512-r79LfK1nWauFO4SR7q7pMCYjwW412Z17yx1WKp00SnVmYNwbm4fB/TsJuZe5jLtpZxAuGG8nVqtJEAsU5d1Bhg==
  dependencies:
    resolve "^1.15.1"
    source-map "^0.7.3"
    typescript "^3.9.2"

typescript-tuple@^2.2.1:
  version "2.2.1"
  resolved "https://registry.yarnpkg.com/typescript-tuple/-/typescript-tuple-2.2.1.tgz#7d9813fb4b355f69ac55032e0363e8bb0f04dad2"
  integrity sha512-Zcr0lbt8z5ZdEzERHAMAniTiIKerFCMgd7yjq1fPnDJ43et/k9twIFQMUYff9k5oXcsQ0WpvFcgzK2ZKASoW6Q==
  dependencies:
    typescript-compare "^0.0.2"

typescript@^3.9.2:
  version "3.9.7"
  resolved "https://registry.yarnpkg.com/typescript/-/typescript-3.9.7.tgz#98d600a5ebdc38f40cb277522f12dc800e9e25fa"
  integrity sha512-BLbiRkiBzAwsjut4x/dsibSTB6yWpwT5qWmC2OfuCg3GgVQCSgMs4vEctYPhsaGtd0AeuuHMkjZ2h2WG8MSzRw==

typescript@^4.0.3:
  version "4.0.3"
  resolved "https://registry.yarnpkg.com/typescript/-/typescript-4.0.3.tgz#153bbd468ef07725c1df9c77e8b453f8d36abba5"
  integrity sha512-tEu6DGxGgRJPb/mVPIZ48e69xCn2yRmCgYmDugAVwmJ6o+0u1RI18eO7E7WBTLYLaEVVOhwQmcdhQHweux/WPg==
